
Microsoft Visual Studio Solution File, Format Version 12.00
# Visual Studio Version 17
VisualStudioVersion = 17.9.34728.123
MinimumVisualStudioVersion = 10.0.40219.1
Project("{FAE04EC0-301F-11D3-BF4B-00C04F79EFBC}") = "BeetleBot", "BeetleBot.csproj", "{2E26E521-484E-4E5F-84E5-0D44EC7F6886}"
EndProject
Global
	GlobalSection(SolutionConfigurationPlatforms) = preSolution
		Debug|Any CPU = Debug|Any CPU
		Release|Any CPU = Release|Any CPU
	EndGlobalSection
	GlobalSection(ProjectConfigurationPlatforms) = postSolution
		{2E26E521-484E-4E5F-84E5-0D44EC7F6886}.Debug|Any CPU.ActiveCfg = Debug|Any CPU
		{2E26E521-484E-4E5F-84E5-0D44EC7F6886}.Debug|Any CPU.Build.0 = Debug|Any CPU
		{2E26E521-484E-4E5F-84E5-0D44EC7F6886}.Release|Any CPU.ActiveCfg = Release|Any CPU
		{2E26E521-484E-4E5F-84E5-0D44EC7F6886}.Release|Any CPU.Build.0 = Release|Any CPU
	EndGlobalSection
	GlobalSection(SolutionProperties) = preSolution
		HideSolutionNode = FALSE
	EndGlobalSection
	GlobalSection(ExtensibilityGlobals) = postSolution
		SolutionGuid = {48895EC3-F45F-4A56-A9A2-DA71B658D727}
	EndGlobalSection
EndGlobal
